
Microsoft Visual Studio Solution File, Format Version 12.00
# Visual Studio Version 16
VisualStudioVersion = 16.0.810.21
MinimumVisualStudioVersion = 10.0.40219.1
Project("{FAE04EC0-301F-11D3-BF4B-00C04F79EFBC}") = "ComicBookGallery", "comic-book-gallery\ComicBookGallery.csproj", "{B97E4A09-E4C3-4397-991D-0AF7CA915604}"
EndProject
Global
	GlobalSection(SolutionConfigurationPlatforms) = preSolution
		Debug|Any CPU = Debug|Any CPU
		Release|Any CPU = Release|Any CPU
	EndGlobalSection
	GlobalSection(ProjectConfigurationPlatforms) = postSolution
		{B97E4A09-E4C3-4397-991D-0AF7CA915604}.Debug|Any CPU.ActiveCfg = Debug|Any CPU
		{B97E4A09-E4C3-4397-991D-0AF7CA915604}.Debug|Any CPU.Build.0 = Debug|Any CPU
		{B97E4A09-E4C3-4397-991D-0AF7CA915604}.Release|Any CPU.ActiveCfg = Release|Any CPU
		{B97E4A09-E4C3-4397-991D-0AF7CA915604}.Release|Any CPU.Build.0 = Release|Any CPU
	EndGlobalSection
	GlobalSection(SolutionProperties) = preSolution
		HideSolutionNode = FALSE
	EndGlobalSection
	GlobalSection(ExtensibilityGlobals) = postSolution
		SolutionGuid = {F678B8E1-5DEA-4F8B-82B1-1088F91FED35}
	EndGlobalSection
	GlobalSection(MonoDevelopProperties) = preSolution
		Policies = $0
		$0.DotNetNamingPolicy = $1
		$1.DirectoryNamespaceAssociation = PrefixedHierarchical
	EndGlobalSection
EndGlobal
